
Microsoft Visual Studio Solution File, Format Version 12.00
# Visual Studio Version 17
VisualStudioVersion = 17.12.35527.113 d17.12
MinimumVisualStudioVersion = 10.0.40219.1
Project("{FAE04EC0-301F-11D3-BF4B-00C04F79EFBC}") = "NewsFeedApp", "NewsFeedApp\NewsFeedApp.csproj", "{815C0AF9-D096-4532-897D-23245976417D}"
EndProject
Project("{00D1A9C2-B5F0-4AF3-8072-F6C62B433612}") = "NewsDB", "NewsDB\NewsDB.sqlproj", "{6906E2B8-AD0E-455F-B4E6-0A81E977D220}"
EndProject
Global
	GlobalSection(SolutionConfigurationPlatforms) = preSolution
		Debug|Any CPU = Debug|Any CPU
		Release|Any CPU = Release|Any CPU
	EndGlobalSection
	GlobalSection(ProjectConfigurationPlatforms) = postSolution
		{815C0AF9-D096-4532-897D-23245976417D}.Debug|Any CPU.ActiveCfg = Debug|Any CPU
		{815C0AF9-D096-4532-897D-23245976417D}.Debug|Any CPU.Build.0 = Debug|Any CPU
		{815C0AF9-D096-4532-897D-23245976417D}.Release|Any CPU.ActiveCfg = Release|Any CPU
		{815C0AF9-D096-4532-897D-23245976417D}.Release|Any CPU.Build.0 = Release|Any CPU
		{6906E2B8-AD0E-455F-B4E6-0A81E977D220}.Debug|Any CPU.ActiveCfg = Debug|Any CPU
		{6906E2B8-AD0E-455F-B4E6-0A81E977D220}.Debug|Any CPU.Build.0 = Debug|Any CPU
		{6906E2B8-AD0E-455F-B4E6-0A81E977D220}.Debug|Any CPU.Deploy.0 = Debug|Any CPU
		{6906E2B8-AD0E-455F-B4E6-0A81E977D220}.Release|Any CPU.ActiveCfg = Release|Any CPU
		{6906E2B8-AD0E-455F-B4E6-0A81E977D220}.Release|Any CPU.Build.0 = Release|Any CPU
		{6906E2B8-AD0E-455F-B4E6-0A81E977D220}.Release|Any CPU.Deploy.0 = Release|Any CPU
	EndGlobalSection
	GlobalSection(SolutionProperties) = preSolution
		HideSolutionNode = FALSE
	EndGlobalSection
EndGlobal
